<?xml version="1.0" encoding="utf-8"?>
<Project ToolsVersion="4.0" xmlns="http://schemas.microsoft.com/developer/msbuild/2003">
  <ItemGroup>
    <Filter Include="源文件">
      <UniqueIdentifier>{4FC737F1-C7A5-4376-A066-2A32D752A2FF}</UniqueIdentifier>
      <Extensions>cpp;c;cc;cxx;c++;def;odl;idl;hpj;bat;asm;asmx</Extensions>
    </Filter>
    <Filter Include="头文件">
      <UniqueIdentifier>{93995380-89BD-4b04-88EB-625FBE52EBFB}</UniqueIdentifier>
      <Extensions>h;hh;hpp;hxx;h++;hm;inl;inc;ipp;xsd</Extensions>
    </Filter>
    <Filter Include="资源文件">
      <UniqueIdentifier>{67DA6AB6-F800-4c08-8B7A-83BB121AAD01}</UniqueIdentifier>
      <Extensions>rc;ico;cur;bmp;dlg;rc2;rct;bin;rgs;gif;jpg;jpeg;jpe;resx;tiff;tif;png;wav;mfcribbon-ms</Extensions>
    </Filter>
    <Filter Include="头文件\标准类">
      <UniqueIdentifier>{5b6839ba-afd0-4f8a-8ad5-bb468062784c}</UniqueIdentifier>
    </Filter>
    <Filter Include="头文件\关于人的类">
      <UniqueIdentifier>{7aa1237a-72de-46d7-b106-05f40bad9621}</UniqueIdentifier>
    </Filter>
    <Filter Include="头文件\实物类">
      <UniqueIdentifier>{1749f3b2-3d9f-45c9-9db2-a24230b8c3e9}</UniqueIdentifier>
    </Filter>
    <Filter Include="源文件\内置层">
      <UniqueIdentifier>{44860080-22c2-4ac3-af39-bc78dbcbcc73}</UniqueIdentifier>
    </Filter>
    <Filter Include="源文件\外显层">
      <UniqueIdentifier>{c95d9818-71b3-433d-9197-6b859a92a724}</UniqueIdentifier>
    </Filter>
    <Filter Include="源文件\关于人的实现">
      <UniqueIdentifier>{b8c8731d-a339-43df-a405-79f7a2005558}</UniqueIdentifier>
    </Filter>
    <Filter Include="源文件\Test">
      <UniqueIdentifier>{97a0270c-6e40-4c21-96a7-10f1df4517da}</UniqueIdentifier>
    </Filter>
    <Filter Include="头文件\显示类">
      <UniqueIdentifier>{84b86d57-2f6d-4670-8f57-d50792b18ac0}</UniqueIdentifier>
    </Filter>
    <Filter Include="头文件\抽象类">
      <UniqueIdentifier>{647e58aa-f189-4ed6-a590-786df5bfde63}</UniqueIdentifier>
    </Filter>
    <Filter Include="源文件\显示层">
      <UniqueIdentifier>{0c2a4630-ca58-4ab6-9139-496da30320c3}</UniqueIdentifier>
    </Filter>
    <Filter Include="头文件\文件类">
      <UniqueIdentifier>{801810b1-4201-47f0-9c6d-653cef09be3f}</UniqueIdentifier>
    </Filter>
    <Filter Include="源文件\数据层">
      <UniqueIdentifier>{5fcb12b5-3b25-4418-aabd-a2f2cf629f6c}</UniqueIdentifier>
    </Filter>
    <Filter Include="头文件\业务类">
      <UniqueIdentifier>{346e2ea5-7841-4bc6-a37a-81cb0d3841c5}</UniqueIdentifier>
    </Filter>
    <Filter Include="源文件\业务层">
      <UniqueIdentifier>{cb208b4e-1087-4d5c-95b5-461e0d7ec7f3}</UniqueIdentifier>
    </Filter>
    <Filter Include="源文件\数据层\文件数据">
      <UniqueIdentifier>{d2ef6170-74f6-4038-b7d8-2ac44e07b5af}</UniqueIdentifier>
    </Filter>
    <Filter Include="源文件\数据层\记录数据">
      <UniqueIdentifier>{104777da-8544-4648-bda8-ce7f5c4e16ac}</UniqueIdentifier>
    </Filter>
    <Filter Include="源文件\数据层\信息数据">
      <UniqueIdentifier>{a8e28158-68a0-48cf-9178-9543605ee6e5}</UniqueIdentifier>
    </Filter>
  </ItemGroup>
  <ItemGroup>
    <ClCompile Include="Date.cpp">
      <Filter>源文件\内置层</Filter>
    </ClCompile>
    <ClCompile Include="DEFINE.cpp">
      <Filter>源文件\内置层</Filter>
    </ClCompile>
    <ClCompile Include="stdafx.cpp">
      <Filter>源文件\内置层</Filter>
    </ClCompile>
    <ClCompile Include="People.cpp">
      <Filter>源文件\关于人的实现</Filter>
    </ClCompile>
    <ClCompile Include="Student.cpp">
      <Filter>源文件\关于人的实现</Filter>
    </ClCompile>
    <ClCompile Include="Teacher.cpp">
      <Filter>源文件\关于人的实现</Filter>
    </ClCompile>
    <ClCompile Include="Purpose.cpp">
      <Filter>源文件\内置层</Filter>
    </ClCompile>
    <ClCompile Include="Test.cpp">
      <Filter>源文件\Test</Filter>
    </ClCompile>
    <ClCompile Include="Lesson.cpp">
      <Filter>源文件\内置层</Filter>
    </ClCompile>
    <ClCompile Include="Table.cpp">
      <Filter>源文件\外显层</Filter>
    </ClCompile>
    <ClCompile Include="FatherTable.cpp">
      <Filter>源文件\外显层</Filter>
    </ClCompile>
    <ClCompile Include="PremaryMenu.cpp">
      <Filter>源文件\显示层</Filter>
    </ClCompile>
    <ClCompile Include="MainMenu.cpp">
      <Filter>源文件\显示层</Filter>
    </ClCompile>
    <ClCompile Include="FeasibleCmd.cpp">
      <Filter>源文件\显示层</Filter>
    </ClCompile>
    <ClCompile Include="AddSTdMenu.cpp">
      <Filter>源文件\显示层</Filter>
    </ClCompile>
    <ClCompile Include="OperateSTD.cpp">
      <Filter>源文件\业务层</Filter>
    </ClCompile>
    <ClCompile Include="OperaMode.cpp">
      <Filter>源文件\业务层</Filter>
    </ClCompile>
    <ClCompile Include="AddTEAMenu.cpp">
      <Filter>源文件\显示层</Filter>
    </ClCompile>
    <ClCompile Include="OperateTEA.cpp">
      <Filter>源文件\业务层</Filter>
    </ClCompile>
    <ClCompile Include="OperateTable.cpp">
      <Filter>源文件\业务层</Filter>
    </ClCompile>
    <ClCompile Include="CashRegister.cpp">
      <Filter>源文件\业务层</Filter>
    </ClCompile>
    <ClCompile Include="TollMenu.cpp">
      <Filter>源文件\显示层</Filter>
    </ClCompile>
    <ClCompile Include="Manager.cpp">
      <Filter>源文件\关于人的实现</Filter>
    </ClCompile>
    <ClCompile Include="BaseFile.cpp">
      <Filter>源文件\数据层\文件数据</Filter>
    </ClCompile>
    <ClCompile Include="Record.cpp">
      <Filter>源文件\数据层\记录数据</Filter>
    </ClCompile>
    <ClCompile Include="RecordInfo.cpp">
      <Filter>源文件\数据层\文件数据</Filter>
    </ClCompile>
    <ClCompile Include="STDInfo.cpp">
      <Filter>源文件\数据层\文件数据</Filter>
    </ClCompile>
    <ClCompile Include="PerInfo.cpp">
      <Filter>源文件\数据层\文件数据</Filter>
    </ClCompile>
    <ClCompile Include="StoreTable.cpp">
      <Filter>源文件\数据层\信息数据</Filter>
    </ClCompile>
    <ClCompile Include="TEAInfo.cpp">
      <Filter>源文件\数据层\文件数据</Filter>
    </ClCompile>
    <ClCompile Include="TableInfo.cpp">
      <Filter>源文件\数据层\文件数据</Filter>
    </ClCompile>
    <ClCompile Include="TransactionRecord.cpp">
      <Filter>源文件\数据层\记录数据</Filter>
    </ClCompile>
    <ClCompile Include="PeoNum.cpp">
      <Filter>源文件\数据层\信息数据</Filter>
    </ClCompile>
    <ClCompile Include="RunningRecord.cpp">
      <Filter>源文件\数据层\记录数据</Filter>
    </ClCompile>
    <ClCompile Include="RunningMenu.cpp">
      <Filter>源文件\显示层</Filter>
    </ClCompile>
    <ClCompile Include="MainEntrance.cpp">
      <Filter>源文件\Test</Filter>
    </ClCompile>
    <ClCompile Include="LoginMenu.cpp">
      <Filter>源文件\显示层</Filter>
    </ClCompile>
    <ClCompile Include="register.cpp">
      <Filter>源文件\Test</Filter>
    </ClCompile>
  </ItemGroup>
  <ItemGroup>
    <ClInclude Include="Date.h">
      <Filter>头文件\标准类</Filter>
    </ClInclude>
    <ClInclude Include="stdafx.h">
      <Filter>头文件\标准类</Filter>
    </ClInclude>
    <ClInclude Include="Teacher.h">
      <Filter>头文件\关于人的类</Filter>
    </ClInclude>
    <ClInclude Include="Purpose.h">
      <Filter>头文件\实物类</Filter>
    </ClInclude>
    <ClInclude Include="Lesson.h">
      <Filter>头文件\实物类</Filter>
    </ClInclude>
    <ClInclude Include="People.h">
      <Filter>头文件\抽象类</Filter>
    </ClInclude>
    <ClInclude Include="Table.h">
      <Filter>头文件\实物类</Filter>
    </ClInclude>
    <ClInclude Include="FatherTable.h">
      <Filter>头文件\抽象类</Filter>
    </ClInclude>
    <ClInclude Include="Menu.h">
      <Filter>头文件\显示类</Filter>
    </ClInclude>
    <ClInclude Include="MainMenu.h">
      <Filter>头文件\显示类</Filter>
    </ClInclude>
    <ClInclude Include="PremaryMenu.h">
      <Filter>头文件\显示类</Filter>
    </ClInclude>
    <ClInclude Include="FeasibleCmd.h">
      <Filter>头文件\显示类</Filter>
    </ClInclude>
    <ClInclude Include="BaseFile.h">
      <Filter>头文件\文件类</Filter>
    </ClInclude>
    <ClInclude Include="PeoNum.h">
      <Filter>头文件\文件类</Filter>
    </ClInclude>
    <ClInclude Include="STDInfo.h">
      <Filter>头文件\文件类</Filter>
    </ClInclude>
    <ClInclude Include="AddSTDMenu.h">
      <Filter>头文件\显示类</Filter>
    </ClInclude>
    <ClInclude Include="TEAInfo.h">
      <Filter>头文件\文件类</Filter>
    </ClInclude>
    <ClInclude Include="Handler.h">
      <Filter>头文件\业务类</Filter>
    </ClInclude>
    <ClInclude Include="AddTEAMenu.h">
      <Filter>头文件\显示类</Filter>
    </ClInclude>
    <ClInclude Include="OperateTEA.h">
      <Filter>头文件\业务类</Filter>
    </ClInclude>
    <ClInclude Include="Money.h">
      <Filter>头文件\标准类</Filter>
    </ClInclude>
    <ClInclude Include="Money.cpp">
      <Filter>源文件\内置层</Filter>
    </ClInclude>
    <ClInclude Include="OperateTable.h">
      <Filter>头文件\业务类</Filter>
    </ClInclude>
    <ClInclude Include="TableInfo.h">
      <Filter>头文件\文件类</Filter>
    </ClInclude>
    <ClInclude Include="StoreTable.h">
      <Filter>头文件\实物类</Filter>
    </ClInclude>
    <ClInclude Include="PerInfo.h">
      <Filter>头文件\文件类</Filter>
    </ClInclude>
    <ClInclude Include="OperateSTD.h">
      <Filter>头文件\业务类</Filter>
    </ClInclude>
    <ClInclude Include="Student.h">
      <Filter>头文件\关于人的类</Filter>
    </ClInclude>
    <ClInclude Include="CashRegister.h">
      <Filter>头文件\业务类</Filter>
    </ClInclude>
    <ClInclude Include="TollMenu.h">
      <Filter>头文件\显示类</Filter>
    </ClInclude>
    <ClInclude Include="TransactionRecord.h">
      <Filter>头文件\标准类</Filter>
    </ClInclude>
    <ClInclude Include="Manager.h">
      <Filter>头文件\关于人的类</Filter>
    </ClInclude>
    <ClInclude Include="Record.h">
      <Filter>头文件\抽象类</Filter>
    </ClInclude>
    <ClInclude Include="RecordInfo.h">
      <Filter>头文件\文件类</Filter>
    </ClInclude>
    <ClInclude Include="RunningRecord.h">
      <Filter>头文件\标准类</Filter>
    </ClInclude>
    <ClInclude Include="RunningMenu.h">
      <Filter>头文件\显示类</Filter>
    </ClInclude>
    <ClInclude Include="MainEntrance.h">
      <Filter>头文件\标准类</Filter>
    </ClInclude>
    <ClInclude Include="LoginMenu.h">
      <Filter>头文件\标准类</Filter>
    </ClInclude>
    <ClInclude Include="OperateMode.h">
      <Filter>头文件\业务类</Filter>
    </ClInclude>
  </ItemGroup>
</Project>